
Microsoft Visual Studio Solution File, Format Version 12.00
# Visual Studio Version 17
VisualStudioVersion = 17.6.33712.159
MinimumVisualStudioVersion = 10.0.40219.1
Project("{2150E333-8FDC-42A3-9474-1A3956D46DE8}") = "Services", "Services", "{0CFC9BB9-EAA3-493E-936A-4D57D98CC803}"
EndProject
Project("{2150E333-8FDC-42A3-9474-1A3956D46DE8}") = "Catalog", "Catalog", "{FFD4FCAD-0731-418F-962A-E063BDECB2BE}"
EndProject
Project("{FAE04EC0-301F-11D3-BF4B-00C04F79EFBC}") = "Catalog.API", "Services\Catalog\Catalog.API\Catalog.API.csproj", "{6F669314-EBD8-4FB0-8197-75A75BFB3654}"
EndProject
Global
	GlobalSection(SolutionConfigurationPlatforms) = preSolution
		Debug|Any CPU = Debug|Any CPU
		Release|Any CPU = Release|Any CPU
	EndGlobalSection
	GlobalSection(ProjectConfigurationPlatforms) = postSolution
		{6F669314-EBD8-4FB0-8197-75A75BFB3654}.Debug|Any CPU.ActiveCfg = Debug|Any CPU
		{6F669314-EBD8-4FB0-8197-75A75BFB3654}.Debug|Any CPU.Build.0 = Debug|Any CPU
		{6F669314-EBD8-4FB0-8197-75A75BFB3654}.Release|Any CPU.ActiveCfg = Release|Any CPU
		{6F669314-EBD8-4FB0-8197-75A75BFB3654}.Release|Any CPU.Build.0 = Release|Any CPU
	EndGlobalSection
	GlobalSection(SolutionProperties) = preSolution
		HideSolutionNode = FALSE
	EndGlobalSection
	GlobalSection(NestedProjects) = preSolution
		{FFD4FCAD-0731-418F-962A-E063BDECB2BE} = {0CFC9BB9-EAA3-493E-936A-4D57D98CC803}
		{6F669314-EBD8-4FB0-8197-75A75BFB3654} = {FFD4FCAD-0731-418F-962A-E063BDECB2BE}
	EndGlobalSection
	GlobalSection(ExtensibilityGlobals) = postSolution
		SolutionGuid = {1939A6DA-0049-422E-8474-DDA81712517F}
	EndGlobalSection
EndGlobal
